// !$*UTF8*$!
{
	archiveVersion = 1;
	classes = {
	};
	objectVersion = 46;
	objects = {

/* Begin PBXBuildFile section */
		44D331DB1D3F2CD5006AD6D4 /* main.m in Sources */ = {isa = PBXBuildFile; fileRef = 44D331DA1D3F2CD5006AD6D4 /* main.m */; };
		44D331DE1D3F2CD5006AD6D4 /* AppDelegate.m in Sources */ = {isa = PBXBuildFile; fileRef = 44D331DD1D3F2CD5006AD6D4 /* AppDelegate.m */; };
		44D331E11D3F2CD5006AD6D4 /* ViewController.m in Sources */ = {isa = PBXBuildFile; fileRef = 44D331E01D3F2CD5006AD6D4 /* ViewController.m */; };
		44D331E41D3F2CD5006AD6D4 /* Main.storyboard in Resources */ = {isa = PBXBuildFile; fileRef = 44D331E21D3F2CD5006AD6D4 /* Main.storyboard */; };
		44D331E61D3F2CD5006AD6D4 /* Assets.xcassets in Resources */ = {isa = PBXBuildFile; fileRef = 44D331E51D3F2CD5006AD6D4 /* Assets.xcassets */; };
		44D331E91D3F2CD5006AD6D4 /* LaunchScreen.storyboard in Resources */ = {isa = PBXBuildFile; fileRef = 44D331E71D3F2CD5006AD6D4 /* LaunchScreen.storyboard */; };
		CE4B1F3F20862D370085AE09 /* WebKit.framework in Frameworks */ = {isa = PBXBuildFile; fileRef = CE4B1F3E20862D370085AE09 /* WebKit.framework */; };
/* End PBXBuildFile section */

/* Begin PBXFileReference section */
		44D331D61D3F2CD5006AD6D4 /* iccmobile-ios.app */ = {isa = PBXFileReference; explicitFileType = wrapper.application; includeInIndex = 0; path = "iccmobile-ios.app"; sourceTree = BUILT_PRODUCTS_DIR; };
		44D331DA1D3F2CD5006AD6D4 /* main.m */ = {isa = PBXFileReference; lastKnownFileType = sourcecode.c.objc; path = main.m; sourceTree = "<group>"; };
		44D331DC1D3F2CD5006AD6D4 /* AppDelegate.h */ = {isa = PBXFileReference; lastKnownFileType = sourcecode.c.h; path = AppDelegate.h; sourceTree = "<group>"; };
		44D331DD1D3F2CD5006AD6D4 /* AppDelegate.m */ = {isa = PBXFileReference; lastKnownFileType = sourcecode.c.objc; path = AppDelegate.m; sourceTree = "<group>"; };
		44D331DF1D3F2CD5006AD6D4 /* ViewController.h */ = {isa = PBXFileReference; lastKnownFileType = sourcecode.c.h; path = ViewController.h; sourceTree = "<group>"; };
		44D331E01D3F2CD5006AD6D4 /* ViewController.m */ = {isa = PBXFileReference; lastKnownFileType = sourcecode.c.objc; path = ViewController.m; sourceTree = "<group>"; };
		44D331E31D3F2CD5006AD6D4 /* Base */ = {isa = PBXFileReference; lastKnownFileType = file.storyboard; name = Base; path = Base.lproj/Main.storyboard; sourceTree = "<group>"; };
		44D331E51D3F2CD5006AD6D4 /* Assets.xcassets */ = {isa = PBXFileReference; lastKnownFileType = folder.assetcatalog; path = Assets.xcassets; sourceTree = "<group>"; };
		44D331E81D3F2CD5006AD6D4 /* Base */ = {isa = PBXFileReference; lastKnownFileType = file.storyboard; name = Base; path = Base.lproj/LaunchScreen.storyboard; sourceTree = "<group>"; };
		44D331EA1D3F2CD5006AD6D4 /* Info.plist */ = {isa = PBXFileReference; lastKnownFileType = text.plist.xml; path = Info.plist; sourceTree = "<group>"; };
		CE4B1F3E20862D370085AE09 /* WebKit.framework */ = {isa = PBXFileReference; lastKnownFileType = wrapper.framework; name = WebKit.framework; path = System/Library/Frameworks/WebKit.framework; sourceTree = SDKROOT; };
/* End PBXFileReference section */

/* Begin PBXFrameworksBuildPhase section */
		44D331D31D3F2CD5006AD6D4 /* Frameworks */ = {
			isa = PBXFrameworksBuildPhase;
			buildActionMask = 2147483647;
			files = (
				CE4B1F3F20862D370085AE09 /* WebKit.framework in Frameworks */,
			);
			runOnlyForDeploymentPostprocessing = 0;
		};
/* End PBXFrameworksBuildPhase section */

/* Begin PBXGroup section */
		44D331CD1D3F2CD5006AD6D4 = {
			isa = PBXGroup;
			children = (
				44D331D81D3F2CD5006AD6D4 /* iccmobile-ios */,
				44D331D71D3F2CD5006AD6D4 /* Products */,
				CE4B1F3D20862D370085AE09 /* Frameworks */,
			);
			sourceTree = "<group>";
		};
		44D331D71D3F2CD5006AD6D4 /* Products */ = {
			isa = PBXGroup;
			children = (
				44D331D61D3F2CD5006AD6D4 /* iccmobile-ios.app */,
			);
			name = Products;
			sourceTree = "<group>";
		};
		44D331D81D3F2CD5006AD6D4 /* iccmobile-ios */ = {
			isa = PBXGroup;
			children = (
				44D331DC1D3F2CD5006AD6D4 /* AppDelegate.h */,
				44D331DD1D3F2CD5006AD6D4 /* AppDelegate.m */,
				44D331DF1D3F2CD5006AD6D4 /* ViewController.h */,
				44D331E01D3F2CD5006AD6D4 /* ViewController.m */,
				44D331E21D3F2CD5006AD6D4 /* Main.storyboard */,
				44D331E51D3F2CD5006AD6D4 /* Assets.xcassets */,
				44D331E71D3F2CD5006AD6D4 /* LaunchScreen.storyboard */,
				44D331EA1D3F2CD5006AD6D4 /* Info.plist */,
				44D331D91D3F2CD5006AD6D4 /* Supporting Files */,
			);
			path = "iccmobile-ios";
			sourceTree = "<group>";
		};
		44D331D91D3F2CD5006AD6D4 /* Supporting Files */ = {
			isa = PBXGroup;
			children = (
				44D331DA1D3F2CD5006AD6D4 /* main.m */,
			);
			name = "Supporting Files";
			sourceTree = "<group>";
		};
		CE4B1F3D20862D370085AE09 /* Frameworks */ = {
			isa = PBXGroup;
			children = (
				CE4B1F3E20862D370085AE09 /* WebKit.framework */,
			);
			name = Frameworks;
			sourceTree = "<group>";
		};
/* End PBXGroup section */

/* Begin PBXNativeTarget section */
		44D331D51D3F2CD5006AD6D4 /* iccmobile-ios */ = {
			isa = PBXNativeTarget;
			buildConfigurationList = 44D331ED1D3F2CD5006AD6D4 /* Build configuration list for PBXNativeTarget "iccmobile-ios" */;
			buildPhases = (
				44D331D21D3F2CD5006AD6D4 /* Sources */,
				44D331D31D3F2CD5006AD6D4 /* Frameworks */,
				44D331D41D3F2CD5006AD6D4 /* Resources */,
			);
			buildRules = (
			);
			dependencies = (
			);
			name = "iccmobile-ios";
			productName = "iccmobile-ios";
			productReference = 44D331D61D3F2CD5006AD6D4 /* iccmobile-ios.app */;
			productType = "com.apple.product-type.application";
		};
/* End PBXNativeTarget section */

/* Begin PBXProject section */
		44D331CE1D3F2CD5006AD6D4 /* Project object */ = {
			isa = PBXProject;
			attributes = {
				LastUpgradeCheck = 1240;
				ORGANIZATIONNAME = "Epic Software Development";
				TargetAttributes = {
					44D331D51D3F2CD5006AD6D4 = {
						CreatedOnToolsVersion = 7.3.1;
						DevelopmentTeam = CERV39WE77;
					};
				};
			};
			buildConfigurationList = 44D331D11D3F2CD5006AD6D4 /* Build configuration list for PBXProject "iccmobile-ios" */;
			compatibilityVersion = "Xcode 3.2";
			developmentRegion = en;
			hasScannedForEncodings = 0;
			knownRegions = (
				en,
				Base,
			);
			mainGroup = 44D331CD1D3F2CD5006AD6D4;
			productRefGroup = 44D331D71D3F2CD5006AD6D4 /* Products */;
			projectDirPath = "";
			projectRoot = "";
			targets = (
				44D331D51D3F2CD5006AD6D4 /* iccmobile-ios */,
			);
		};
/* End PBXProject section */

/* Begin PBXResourcesBuildPhase section */
		44D331D41D3F2CD5006AD6D4 /* Resources */ = {
			isa = PBXResourcesBuildPhase;
			buildActionMask = 2147483647;
			files = (
				44D331E91D3F2CD5006AD6D4 /* LaunchScreen.storyboard in Resources */,
				44D331E61D3F2CD5006AD6D4 /* Assets.xcassets in Resources */,
				44D331E41D3F2CD5006AD6D4 /* Main.storyboard in Resources */,
			);
			runOnlyForDeploymentPostprocessing = 0;
		};
/* End PBXResourcesBuildPhase section */

/* Begin PBXSourcesBuildPhase section */
		44D331D21D3F2CD5006AD6D4 /* Sources */ = {
			isa = PBXSourcesBuildPhase;
			buildActionMask = 2147483647;
			files = (
				44D331E11D3F2CD5006AD6D4 /* ViewController.m in Sources */,
				44D331DE1D3F2CD5006AD6D4 /* AppDelegate.m in Sources */,
				44D331DB1D3F2CD5006AD6D4 /* main.m in Sources */,
			);
			runOnlyForDeploymentPostprocessing = 0;
		};
/* End PBXSourcesBuildPhase section */

/* Begin PBXVariantGroup section */
		44D331E21D3F2CD5006AD6D4 /* Main.storyboard */ = {
			isa = PBXVariantGroup;
			children = (
				44D331E31D3F2CD5006AD6D4 /* Base */,
			);
			name = Main.storyboard;
			sourceTree = "<group>";
		};
		44D331E71D3F2CD5006AD6D4 /* LaunchScreen.storyboard */ = {
			isa = PBXVariantGroup;
			children = (
				44D331E81D3F2CD5006AD6D4 /* Base */,
			);
			name = LaunchScreen.storyboard;
			sourceTree = "<group>";
		};
/* End PBXVariantGroup section */

/* Begin XCBuildConfiguration section */
		44D331EB1D3F2CD5006AD6D4 /* Debug */ = {
			isa = XCBuildConfiguration;
			buildSettings = {
				ALWAYS_SEARCH_USER_PATHS = NO;
				CLANG_ANALYZER_LOCALIZABILITY_NONLOCALIZED = YES;
				CLANG_ANALYZER_NONNULL = YES;
				CLANG_CXX_LANGUAGE_STANDARD = "gnu++0x";
				CLANG_CXX_LIBRARY = "libc++";
				CLANG_ENABLE_MODULES = YES;
				CLANG_ENABLE_OBJC_ARC = YES;
				CLANG_WARN_BLOCK_CAPTURE_AUTORELEASING = YES;
				CLANG_WARN_BOOL_CONVERSION = YES;
				CLANG_WARN_COMMA = YES;
				CLANG_WARN_CONSTANT_CONVERSION = YES;
				CLANG_WARN_DEPRECATED_OBJC_IMPLEMENTATIONS = YES;
				CLANG_WARN_DIRECT_OBJC_ISA_USAGE = YES_ERROR;
				CLANG_WARN_EMPTY_BODY = YES;
				CLANG_WARN_ENUM_CONVERSION = YES;
				CLANG_WARN_INFINITE_RECURSION = YES;
				CLANG_WARN_INT_CONVERSION = YES;
				CLANG_WARN_NON_LITERAL_NULL_CONVERSION = YES;
				CLANG_WARN_OBJC_IMPLICIT_RETAIN_SELF = YES;
				CLANG_WARN_OBJC_LITERAL_CONVERSION = YES;
				CLANG_WARN_OBJC_ROOT_CLASS = YES_ERROR;
				CLANG_WARN_QUOTED_INCLUDE_IN_FRAMEWORK_HEADER = YES;
				CLANG_WARN_RANGE_LOOP_ANALYSIS = YES;
				CLANG_WARN_STRICT_PROTOTYPES = YES;
				CLANG_WARN_SUSPICIOUS_MOVE = YES;
				CLANG_WARN_UNREACHABLE_CODE = YES;
				CLANG_WARN__DUPLICATE_METHOD_MATCH = YES;
				"CODE_SIGN_IDENTITY[sdk=iphoneos*]" = "iPhone Developer";
				COPY_PHASE_STRIP = NO;
				DEBUG_INFORMATION_FORMAT = dwarf;
				ENABLE_STRICT_OBJC_MSGSEND = YES;
				ENABLE_TESTABILITY = YES;
				GCC_C_LANGUAGE_STANDARD = gnu99;
				GCC_DYNAMIC_NO_PIC = NO;
				GCC_NO_COMMON_BLOCKS = YES;
				GCC_OPTIMIZATION_LEVEL = 0;
				GCC_PREPROCESSOR_DEFINITIONS = (
					"DEBUG=1",
					"$(inherited)",
				);
				GCC_WARN_64_TO_32_BIT_CONVERSION = YES;
				GCC_WARN_ABOUT_RETURN_TYPE = YES_ERROR;
				GCC_WARN_UNDECLARED_SELECTOR = YES;
				GCC_WARN_UNINITIALIZED_AUTOS = YES_AGGRESSIVE;
				GCC_WARN_UNUSED_FUNCTION = YES;
				GCC_WARN_UNUSED_VARIABLE = YES;
				IPHONEOS_DEPLOYMENT_TARGET = 14.4;
				MTL_ENABLE_DEBUG_INFO = YES;
				ONLY_ACTIVE_ARCH = YES;
				SDKROOT = iphoneos;
			};
			name = Debug;
		};
		44D331EC1D3F2CD5006AD6D4 /* Release */ = {
			isa = XCBuildConfiguration;
			buildSettings = {
				ALWAYS_SEARCH_USER_PATHS = NO;
				CLANG_ANALYZER_LOCALIZABILITY_NONLOCALIZED = YES;
				CLANG_ANALYZER_NONNULL = YES;
				CLANG_CXX_LANGUAGE_STANDARD = "gnu++0x";
				CLANG_CXX_LIBRARY = "libc++";
				CLANG_ENABLE_MODULES = YES;
				CLANG_ENABLE_OBJC_ARC = YES;
				CLANG_WARN_BLOCK_CAPTURE_AUTORELEASING = YES;
				CLANG_WARN_BOOL_CONVERSION = YES;
				CLANG_WARN_COMMA = YES;
				CLANG_WARN_CONSTANT_CONVERSION = YES;
				CLANG_WARN_DEPRECATED_OBJC_IMPLEMENTATIONS = YES;
				CLANG_WARN_DIRECT_OBJC_ISA_USAGE = YES_ERROR;
				CLANG_WARN_EMPTY_BODY = YES;
				CLANG_WARN_ENUM_CONVERSION = YES;
				CLANG_WARN_INFINITE_RECURSION = YES;
				CLANG_WARN_INT_CONVERSION = YES;
				CLANG_WARN_NON_LITERAL_NULL_CONVERSION = YES;
				CLANG_WARN_OBJC_IMPLICIT_RETAIN_SELF = YES;
				CLANG_WARN_OBJC_LITERAL_CONVERSION = YES;
				CLANG_WARN_OBJC_ROOT_CLASS = YES_ERROR;
				CLANG_WARN_QUOTED_INCLUDE_IN_FRAMEWORK_HEADER = YES;
				CLANG_WARN_RANGE_LOOP_ANALYSIS = YES;
				CLANG_WARN_STRICT_PROTOTYPES = YES;
				CLANG_WARN_SUSPICIOUS_MOVE = YES;
				CLANG_WARN_UNREACHABLE_CODE = YES;
				CLANG_WARN__DUPLICATE_METHOD_MATCH = YES;
				CODE_SIGN_IDENTITY = "iPhone Distribution";
				"CODE_SIGN_IDENTITY[sdk=iphoneos*]" = "iPhone Developer: Toran Billups (HHZ9V2F8A4)";
				COPY_PHASE_STRIP = NO;
				DEBUG_INFORMATION_FORMAT = "dwarf-with-dsym";
				ENABLE_NS_ASSERTIONS = NO;
				ENABLE_STRICT_OBJC_MSGSEND = YES;
				GCC_C_LANGUAGE_STANDARD = gnu99;
				GCC_NO_COMMON_BLOCKS = YES;
				GCC_WARN_64_TO_32_BIT_CONVERSION = YES;
				GCC_WARN_ABOUT_RETURN_TYPE = YES_ERROR;
				GCC_WARN_UNDECLARED_SELECTOR = YES;
				GCC_WARN_UNINITIALIZED_AUTOS = YES_AGGRESSIVE;
				GCC_WARN_UNUSED_FUNCTION = YES;
				GCC_WARN_UNUSED_VARIABLE = YES;
				IPHONEOS_DEPLOYMENT_TARGET = 14.4;
				MTL_ENABLE_DEBUG_INFO = NO;
				SDKROOT = iphoneos;
				VALIDATE_PRODUCT = YES;
			};
			name = Release;
		};
		44D331EE1D3F2CD5006AD6D4 /* Debug */ = {
			isa = XCBuildConfiguration;
			buildSettings = {
				ASSETCATALOG_COMPILER_APPICON_NAME = AppIcon;
				CODE_SIGN_IDENTITY = "iPhone Developer";
				"CODE_SIGN_IDENTITY[sdk=iphoneos*]" = "iPhone Developer";
				CURRENT_PROJECT_VERSION = 6;
				INFOPLIST_FILE = "iccmobile-ios/Info.plist";
				LD_RUNPATH_SEARCH_PATHS = "$(inherited) @executable_path/Frameworks";
				MARKETING_VERSION = 013;
				PRODUCT_BUNDLE_IDENTIFIER = com.iowacodecamp.epicsoftware;
				PRODUCT_NAME = "$(TARGET_NAME)";
				PROVISIONING_PROFILE = "";
			};
			name = Debug;
		};
		44D331EF1D3F2CD5006AD6D4 /* Release */ = {
			isa = XCBuildConfiguration;
			buildSettings = {
				ASSETCATALOG_COMPILER_APPICON_NAME = AppIcon;
				CODE_SIGN_IDENTITY = "iPhone Developer";
				"CODE_SIGN_IDENTITY[sdk=iphoneos*]" = "iPhone Developer";
				CURRENT_PROJECT_VERSION = 6;
				INFOPLIST_FILE = "iccmobile-ios/Info.plist";
				LD_RUNPATH_SEARCH_PATHS = "$(inherited) @executable_path/Frameworks";
				MARKETING_VERSION = 013;
				PRODUCT_BUNDLE_IDENTIFIER = com.iowacodecamp.epicsoftware;
				PRODUCT_NAME = "$(TARGET_NAME)";
				PROVISIONING_PROFILE = "";
			};
			name = Release;
		};
/* End XCBuildConfiguration section */

/* Begin XCConfigurationList section */
		44D331D11D3F2CD5006AD6D4 /* Build configuration list for PBXProject "iccmobile-ios" */ = {
			isa = XCConfigurationList;
			buildConfigurations = (
				44D331EB1D3F2CD5006AD6D4 /* Debug */,
				44D331EC1D3F2CD5006AD6D4 /* Release */,
			);
			defaultConfigurationIsVisible = 0;
			defaultConfigurationName = Release;
		};
		44D331ED1D3F2CD5006AD6D4 /* Build configuration list for PBXNativeTarget "iccmobile-ios" */ = {
			isa = XCConfigurationList;
			buildConfigurations = (
				44D331EE1D3F2CD5006AD6D4 /* Debug */,
				44D331EF1D3F2CD5006AD6D4 /* Release */,
			);
			defaultConfigurationIsVisible = 0;
			defaultConfigurationName = Release;
		};
/* End XCConfigurationList section */
	};
	rootObject = 44D331CE1D3F2CD5006AD6D4 /* Project object */;
}
